
Microsoft Visual Studio Solution File, Format Version 12.00
# Visual Studio Version 17
VisualStudioVersion = 17.9.34622.214
MinimumVisualStudioVersion = 10.0.40219.1
Project("{2150E333-8FDC-42A3-9474-1A3956D46DE8}") = "src", "src", "{E70D0F47-8204-42BB-8C41-99B5C9C5B71F}"
	ProjectSection(SolutionItems) = preProject
		src\docker-compose.yml = src\docker-compose.yml
	EndProjectSection
EndProject
Project("{2150E333-8FDC-42A3-9474-1A3956D46DE8}") = "Services", "Services", "{4D521CA3-EA84-4B1E-AFFB-B3DEAA2930D1}"
EndProject
Project("{2150E333-8FDC-42A3-9474-1A3956D46DE8}") = "BFFs", "BFFs", "{79F60C16-1DE4-478A-8565-E71CDD06C032}"
EndProject
Project("{2150E333-8FDC-42A3-9474-1A3956D46DE8}") = "Tests", "Tests", "{2EFD0AA6-78C4-454C-929B-F79C9F56EC28}"
EndProject
Project("{2150E333-8FDC-42A3-9474-1A3956D46DE8}") = "BankAccounts", "BankAccounts", "{6FFA8222-D4C4-4D7D-9172-106692A3D446}"
	ProjectSection(SolutionItems) = preProject
		src\Services\BankAccounts\Dockerfile = src\Services\BankAccounts\Dockerfile
	EndProjectSection
EndProject
Project("{2150E333-8FDC-42A3-9474-1A3956D46DE8}") = "Transactions", "Transactions", "{1DB35644-F953-4E5C-90A1-8B43DDCEEFF3}"
EndProject
Project("{9A19103F-16F7-4668-BE54-9A1E7A4F7556}") = "BankAccounts.API", "src\Services\BankAccounts\BankAccounts.API\BankAccounts.API.csproj", "{8AB9D26D-2EFA-420A-A47D-6F87EE7C59D0}"
EndProject
Project("{9A19103F-16F7-4668-BE54-9A1E7A4F7556}") = "Transactions.API", "src\Services\Transactions\Transactions.API\Transactions.API.csproj", "{57D4CAFF-92DA-40B9-9E3E-63153B6DB8CD}"
EndProject
Project("{9A19103F-16F7-4668-BE54-9A1E7A4F7556}") = "BankAccounts.Application", "src\Services\BankAccounts\BankAccounts.Application\BankAccounts.Application.csproj", "{A19F9859-7C38-40C3-8CF2-663FA52B0141}"
EndProject
Project("{9A19103F-16F7-4668-BE54-9A1E7A4F7556}") = "BankAccounts.InfraWrite", "src\Services\BankAccounts\BankAccounts.InfraWrite\BankAccounts.InfraWrite.csproj", "{3FBD29FA-F303-4792-8E0C-D7A1E85B46F5}"
EndProject
Project("{9A19103F-16F7-4668-BE54-9A1E7A4F7556}") = "BankAccounts.Domains", "src\Services\BankAccounts\BankAccounts.Domains\BankAccounts.Domains.csproj", "{C14F402E-14FD-4164-A65F-36134D613E84}"
EndProject
Project("{9A19103F-16F7-4668-BE54-9A1E7A4F7556}") = "Transactions.Application", "src\Services\Transactions\Transactions.Application\Transactions.Application.csproj", "{60A00ED9-377F-4A07-AC36-4F4034A60D77}"
EndProject
Project("{9A19103F-16F7-4668-BE54-9A1E7A4F7556}") = "Transactions.Domains", "src\Services\Transactions\Transactions.Domains\Transactions.Domains.csproj", "{3A30CE56-EB56-4693-9C75-ACE3BE1E2027}"
EndProject
Project("{9A19103F-16F7-4668-BE54-9A1E7A4F7556}") = "Transactions.InfraRead", "src\Services\Transactions\Transactions.InfraRead\Transactions.InfraRead.csproj", "{DA85737A-85D6-4C18-AFA0-3FAFFFB93031}"
EndProject
Project("{9A19103F-16F7-4668-BE54-9A1E7A4F7556}") = "Transactions.InfraWrite", "src\Services\Transactions\Transactions.InfraWrite\Transactions.InfraWrite.csproj", "{13576DC3-DF20-4BA2-8F13-98599D730877}"
EndProject
Project("{9A19103F-16F7-4668-BE54-9A1E7A4F7556}") = "Transactions.Tests", "src\Services\Transactions\Transactions.Tests\Transactions.Tests.csproj", "{DEF77EC1-9107-4CA7-BAAA-46EE022EA53B}"
EndProject
Project("{9A19103F-16F7-4668-BE54-9A1E7A4F7556}") = "BankAccounts.Tests", "src\Services\BankAccounts\BankAccounts.Tests\BankAccounts.Tests.csproj", "{74534150-73EC-4E72-8A1B-497212AA0853}"
EndProject
Project("{9A19103F-16F7-4668-BE54-9A1E7A4F7556}") = "BankAccounts.InfraRead", "src\Services\BankAccounts\BankAccounts.InfraRead\BankAccounts.InfraRead.csproj", "{E6F2CED8-52BA-49D5-A7D6-CCF9E782F9D6}"
EndProject
Global
	GlobalSection(SolutionConfigurationPlatforms) = preSolution
		Debug|Any CPU = Debug|Any CPU
		Release|Any CPU = Release|Any CPU
	EndGlobalSection
	GlobalSection(ProjectConfigurationPlatforms) = postSolution
		{8AB9D26D-2EFA-420A-A47D-6F87EE7C59D0}.Debug|Any CPU.ActiveCfg = Debug|Any CPU
		{8AB9D26D-2EFA-420A-A47D-6F87EE7C59D0}.Debug|Any CPU.Build.0 = Debug|Any CPU
		{8AB9D26D-2EFA-420A-A47D-6F87EE7C59D0}.Release|Any CPU.ActiveCfg = Release|Any CPU
		{8AB9D26D-2EFA-420A-A47D-6F87EE7C59D0}.Release|Any CPU.Build.0 = Release|Any CPU
		{57D4CAFF-92DA-40B9-9E3E-63153B6DB8CD}.Debug|Any CPU.ActiveCfg = Debug|Any CPU
		{57D4CAFF-92DA-40B9-9E3E-63153B6DB8CD}.Debug|Any CPU.Build.0 = Debug|Any CPU
		{57D4CAFF-92DA-40B9-9E3E-63153B6DB8CD}.Release|Any CPU.ActiveCfg = Release|Any CPU
		{57D4CAFF-92DA-40B9-9E3E-63153B6DB8CD}.Release|Any CPU.Build.0 = Release|Any CPU
		{A19F9859-7C38-40C3-8CF2-663FA52B0141}.Debug|Any CPU.ActiveCfg = Debug|Any CPU
		{A19F9859-7C38-40C3-8CF2-663FA52B0141}.Debug|Any CPU.Build.0 = Debug|Any CPU
		{A19F9859-7C38-40C3-8CF2-663FA52B0141}.Release|Any CPU.ActiveCfg = Release|Any CPU
		{A19F9859-7C38-40C3-8CF2-663FA52B0141}.Release|Any CPU.Build.0 = Release|Any CPU
		{3FBD29FA-F303-4792-8E0C-D7A1E85B46F5}.Debug|Any CPU.ActiveCfg = Debug|Any CPU
		{3FBD29FA-F303-4792-8E0C-D7A1E85B46F5}.Debug|Any CPU.Build.0 = Debug|Any CPU
		{3FBD29FA-F303-4792-8E0C-D7A1E85B46F5}.Release|Any CPU.ActiveCfg = Release|Any CPU
		{3FBD29FA-F303-4792-8E0C-D7A1E85B46F5}.Release|Any CPU.Build.0 = Release|Any CPU
		{C14F402E-14FD-4164-A65F-36134D613E84}.Debug|Any CPU.ActiveCfg = Debug|Any CPU
		{C14F402E-14FD-4164-A65F-36134D613E84}.Debug|Any CPU.Build.0 = Debug|Any CPU
		{C14F402E-14FD-4164-A65F-36134D613E84}.Release|Any CPU.ActiveCfg = Release|Any CPU
		{C14F402E-14FD-4164-A65F-36134D613E84}.Release|Any CPU.Build.0 = Release|Any CPU
		{60A00ED9-377F-4A07-AC36-4F4034A60D77}.Debug|Any CPU.ActiveCfg = Debug|Any CPU
		{60A00ED9-377F-4A07-AC36-4F4034A60D77}.Debug|Any CPU.Build.0 = Debug|Any CPU
		{60A00ED9-377F-4A07-AC36-4F4034A60D77}.Release|Any CPU.ActiveCfg = Release|Any CPU
		{60A00ED9-377F-4A07-AC36-4F4034A60D77}.Release|Any CPU.Build.0 = Release|Any CPU
		{3A30CE56-EB56-4693-9C75-ACE3BE1E2027}.Debug|Any CPU.ActiveCfg = Debug|Any CPU
		{3A30CE56-EB56-4693-9C75-ACE3BE1E2027}.Debug|Any CPU.Build.0 = Debug|Any CPU
		{3A30CE56-EB56-4693-9C75-ACE3BE1E2027}.Release|Any CPU.ActiveCfg = Release|Any CPU
		{3A30CE56-EB56-4693-9C75-ACE3BE1E2027}.Release|Any CPU.Build.0 = Release|Any CPU
		{DA85737A-85D6-4C18-AFA0-3FAFFFB93031}.Debug|Any CPU.ActiveCfg = Debug|Any CPU
		{DA85737A-85D6-4C18-AFA0-3FAFFFB93031}.Debug|Any CPU.Build.0 = Debug|Any CPU
		{DA85737A-85D6-4C18-AFA0-3FAFFFB93031}.Release|Any CPU.ActiveCfg = Release|Any CPU
		{DA85737A-85D6-4C18-AFA0-3FAFFFB93031}.Release|Any CPU.Build.0 = Release|Any CPU
		{13576DC3-DF20-4BA2-8F13-98599D730877}.Debug|Any CPU.ActiveCfg = Debug|Any CPU
		{13576DC3-DF20-4BA2-8F13-98599D730877}.Debug|Any CPU.Build.0 = Debug|Any CPU
		{13576DC3-DF20-4BA2-8F13-98599D730877}.Release|Any CPU.ActiveCfg = Release|Any CPU
		{13576DC3-DF20-4BA2-8F13-98599D730877}.Release|Any CPU.Build.0 = Release|Any CPU
		{DEF77EC1-9107-4CA7-BAAA-46EE022EA53B}.Debug|Any CPU.ActiveCfg = Debug|Any CPU
		{DEF77EC1-9107-4CA7-BAAA-46EE022EA53B}.Debug|Any CPU.Build.0 = Debug|Any CPU
		{DEF77EC1-9107-4CA7-BAAA-46EE022EA53B}.Release|Any CPU.ActiveCfg = Release|Any CPU
		{DEF77EC1-9107-4CA7-BAAA-46EE022EA53B}.Release|Any CPU.Build.0 = Release|Any CPU
		{74534150-73EC-4E72-8A1B-497212AA0853}.Debug|Any CPU.ActiveCfg = Debug|Any CPU
		{74534150-73EC-4E72-8A1B-497212AA0853}.Debug|Any CPU.Build.0 = Debug|Any CPU
		{74534150-73EC-4E72-8A1B-497212AA0853}.Release|Any CPU.ActiveCfg = Release|Any CPU
		{74534150-73EC-4E72-8A1B-497212AA0853}.Release|Any CPU.Build.0 = Release|Any CPU
		{E6F2CED8-52BA-49D5-A7D6-CCF9E782F9D6}.Debug|Any CPU.ActiveCfg = Debug|Any CPU
		{E6F2CED8-52BA-49D5-A7D6-CCF9E782F9D6}.Debug|Any CPU.Build.0 = Debug|Any CPU
		{E6F2CED8-52BA-49D5-A7D6-CCF9E782F9D6}.Release|Any CPU.ActiveCfg = Release|Any CPU
		{E6F2CED8-52BA-49D5-A7D6-CCF9E782F9D6}.Release|Any CPU.Build.0 = Release|Any CPU
	EndGlobalSection
	GlobalSection(SolutionProperties) = preSolution
		HideSolutionNode = FALSE
	EndGlobalSection
	GlobalSection(NestedProjects) = preSolution
		{4D521CA3-EA84-4B1E-AFFB-B3DEAA2930D1} = {E70D0F47-8204-42BB-8C41-99B5C9C5B71F}
		{79F60C16-1DE4-478A-8565-E71CDD06C032} = {E70D0F47-8204-42BB-8C41-99B5C9C5B71F}
		{2EFD0AA6-78C4-454C-929B-F79C9F56EC28} = {E70D0F47-8204-42BB-8C41-99B5C9C5B71F}
		{6FFA8222-D4C4-4D7D-9172-106692A3D446} = {4D521CA3-EA84-4B1E-AFFB-B3DEAA2930D1}
		{1DB35644-F953-4E5C-90A1-8B43DDCEEFF3} = {4D521CA3-EA84-4B1E-AFFB-B3DEAA2930D1}
		{8AB9D26D-2EFA-420A-A47D-6F87EE7C59D0} = {6FFA8222-D4C4-4D7D-9172-106692A3D446}
		{57D4CAFF-92DA-40B9-9E3E-63153B6DB8CD} = {1DB35644-F953-4E5C-90A1-8B43DDCEEFF3}
		{A19F9859-7C38-40C3-8CF2-663FA52B0141} = {6FFA8222-D4C4-4D7D-9172-106692A3D446}
		{3FBD29FA-F303-4792-8E0C-D7A1E85B46F5} = {6FFA8222-D4C4-4D7D-9172-106692A3D446}
		{C14F402E-14FD-4164-A65F-36134D613E84} = {6FFA8222-D4C4-4D7D-9172-106692A3D446}
		{60A00ED9-377F-4A07-AC36-4F4034A60D77} = {1DB35644-F953-4E5C-90A1-8B43DDCEEFF3}
		{3A30CE56-EB56-4693-9C75-ACE3BE1E2027} = {1DB35644-F953-4E5C-90A1-8B43DDCEEFF3}
		{DA85737A-85D6-4C18-AFA0-3FAFFFB93031} = {1DB35644-F953-4E5C-90A1-8B43DDCEEFF3}
		{13576DC3-DF20-4BA2-8F13-98599D730877} = {1DB35644-F953-4E5C-90A1-8B43DDCEEFF3}
		{DEF77EC1-9107-4CA7-BAAA-46EE022EA53B} = {1DB35644-F953-4E5C-90A1-8B43DDCEEFF3}
		{74534150-73EC-4E72-8A1B-497212AA0853} = {6FFA8222-D4C4-4D7D-9172-106692A3D446}
		{E6F2CED8-52BA-49D5-A7D6-CCF9E782F9D6} = {6FFA8222-D4C4-4D7D-9172-106692A3D446}
	EndGlobalSection
	GlobalSection(ExtensibilityGlobals) = postSolution
		SolutionGuid = {54FD1C24-6123-48BB-B0D6-6BEE4CC4A0B0}
	EndGlobalSection
EndGlobal
